// !$*UTF8*$!
{
	archiveVersion = 1;
	classes = {
	};
	objectVersion = 51;
	objects = {

/* Begin PBXBuildFile section */
		2FBABE95F79330DCD9BFBA46 /* Pods_TChat.framework in Frameworks */ = {isa = PBXBuildFile; fileRef = 9F452B6B44151C122C9BD03D /* Pods_TChat.framework */; };
		DD02D60F26417F6800294E5B /* ChatViewController+Extension.swift in Sources */ = {isa = PBXBuildFile; fileRef = DD02D60E26417F6800294E5B /* ChatViewController+Extension.swift */; };
		DD02D612264183AB00294E5B /* Inbox.swift in Sources */ = {isa = PBXBuildFile; fileRef = DD02D611264183AB00294E5B /* Inbox.swift */; };
		DD02D6152641897A00294E5B /* InboxTableViewCell.swift in Sources */ = {isa = PBXBuildFile; fileRef = DD02D6142641897A00294E5B /* InboxTableViewCell.swift */; };
		DD02D61826418ABC00294E5B /* InboxApi.swift in Sources */ = {isa = PBXBuildFile; fileRef = DD02D61726418ABC00294E5B /* InboxApi.swift */; };
		DD4477562645D5840061BB69 /* ProfileTableViewController.swift in Sources */ = {isa = PBXBuildFile; fileRef = DD4477552645D5840061BB69 /* ProfileTableViewController.swift */; };
		DD463CA5263AEAFA00F37791 /* PeopleTableViewController.swift in Sources */ = {isa = PBXBuildFile; fileRef = DD463CA4263AEAFA00F37791 /* PeopleTableViewController.swift */; };
		DD463CA8263AF10500F37791 /* UserTableViewCell.swift in Sources */ = {isa = PBXBuildFile; fileRef = DD463CA7263AF10500F37791 /* UserTableViewCell.swift */; };
		DD463CAB263B0B4100F37791 /* User.swift in Sources */ = {isa = PBXBuildFile; fileRef = DD463CAA263B0B4100F37791 /* User.swift */; };
		DD463CC1263B361800F37791 /* Extension.swift in Sources */ = {isa = PBXBuildFile; fileRef = DD463CC0263B361800F37791 /* Extension.swift */; };
		DD463CC4263B668C00F37791 /* ChatViewController.swift in Sources */ = {isa = PBXBuildFile; fileRef = DD463CC3263B668C00F37791 /* ChatViewController.swift */; };
		DD463CDB263C57AD00F37791 /* MessageApi.swift in Sources */ = {isa = PBXBuildFile; fileRef = DD463CDA263C57AD00F37791 /* MessageApi.swift */; };
		DD463CDE263CC2D600F37791 /* Message.swift in Sources */ = {isa = PBXBuildFile; fileRef = DD463CDD263CC2D600F37791 /* Message.swift */; };
		DD463CE1263CCEEE00F37791 /* MessageTableViewCell.swift in Sources */ = {isa = PBXBuildFile; fileRef = DD463CE0263CCEEE00F37791 /* MessageTableViewCell.swift */; };
		DD90A3A92636B82600EAD20B /* AppDelegate.swift in Sources */ = {isa = PBXBuildFile; fileRef = DD90A3A82636B82600EAD20B /* AppDelegate.swift */; };
		DD90A3AB2636B82600EAD20B /* SceneDelegate.swift in Sources */ = {isa = PBXBuildFile; fileRef = DD90A3AA2636B82600EAD20B /* SceneDelegate.swift */; };
		DD90A3AD2636B82600EAD20B /* ViewController.swift in Sources */ = {isa = PBXBuildFile; fileRef = DD90A3AC2636B82600EAD20B /* ViewController.swift */; };
		DD90A3B22636B82800EAD20B /* Assets.xcassets in Resources */ = {isa = PBXBuildFile; fileRef = DD90A3B12636B82800EAD20B /* Assets.xcassets */; };
		DD90A3B52636B82800EAD20B /* LaunchScreen.storyboard in Resources */ = {isa = PBXBuildFile; fileRef = DD90A3B32636B82800EAD20B /* LaunchScreen.storyboard */; };
		DD90A3BE2636BE6700EAD20B /* Welcome.storyboard in Resources */ = {isa = PBXBuildFile; fileRef = DD90A3BD2636BE6700EAD20B /* Welcome.storyboard */; };
		DD90A3C226374A4E00EAD20B /* ViewController+UI.swift in Sources */ = {isa = PBXBuildFile; fileRef = DD90A3C126374A4E00EAD20B /* ViewController+UI.swift */; };
		DD90A3C526375B4900EAD20B /* SignUpViewController.swift in Sources */ = {isa = PBXBuildFile; fileRef = DD90A3C426375B4900EAD20B /* SignUpViewController.swift */; };
		DD90A3C8263765E000EAD20B /* SignUpViewController+UI.swift in Sources */ = {isa = PBXBuildFile; fileRef = DD90A3C7263765DF00EAD20B /* SignUpViewController+UI.swift */; };
		DD90A3CB263770E100EAD20B /* SignInViewController.swift in Sources */ = {isa = PBXBuildFile; fileRef = DD90A3CA263770E100EAD20B /* SignInViewController.swift */; };
		DD90A3CF263772A000EAD20B /* SignInViewController+UI.swift in Sources */ = {isa = PBXBuildFile; fileRef = DD90A3CE263772A000EAD20B /* SignInViewController+UI.swift */; };
		DD90A3D22637759700EAD20B /* ForgotPasswordViewController.swift in Sources */ = {isa = PBXBuildFile; fileRef = DD90A3D12637759700EAD20B /* ForgotPasswordViewController.swift */; };
		DD90A3D5263775A600EAD20B /* ForgotPasswordViewController+UI.swift in Sources */ = {isa = PBXBuildFile; fileRef = DD90A3D4263775A600EAD20B /* ForgotPasswordViewController+UI.swift */; };
		DD90A3D926377FAA00EAD20B /* GoogleService-Info.plist in Resources */ = {isa = PBXBuildFile; fileRef = DD90A3D826377FAA00EAD20B /* GoogleService-Info.plist */; };
		DD90A40B26384CAB00EAD20B /* Api.swift in Sources */ = {isa = PBXBuildFile; fileRef = DD90A40A26384CAB00EAD20B /* Api.swift */; };
		DD90A40E26384D4700EAD20B /* UserApi.swift in Sources */ = {isa = PBXBuildFile; fileRef = DD90A40D26384D4700EAD20B /* UserApi.swift */; };
		DD90A4122638A85200EAD20B /* StorageService.swift in Sources */ = {isa = PBXBuildFile; fileRef = DD90A4112638A85200EAD20B /* StorageService.swift */; };
		DD90A4152638B36300EAD20B /* Ref.swift in Sources */ = {isa = PBXBuildFile; fileRef = DD90A4142638B36300EAD20B /* Ref.swift */; };
		DD90A4292639A65C00EAD20B /* InboxListTableViewController.swift in Sources */ = {isa = PBXBuildFile; fileRef = DD90A4282639A65C00EAD20B /* InboxListTableViewController.swift */; };
		DDA72F8A2670E91900B1C113 /* SFProDisplay-Regular.ttf in Resources */ = {isa = PBXBuildFile; fileRef = DDA72F892670E91900B1C113 /* SFProDisplay-Regular.ttf */; };
		DDDB3043265540C00024FAE8 /* PulseAnimation.swift in Sources */ = {isa = PBXBuildFile; fileRef = DDDB3042265540C00024FAE8 /* PulseAnimation.swift */; };
/* End PBXBuildFile section */

/* Begin PBXFileReference section */
		6A9A07EDD3425645816349AF /* Pods-TChat.release.xcconfig */ = {isa = PBXFileReference; includeInIndex = 1; lastKnownFileType = text.xcconfig; name = "Pods-TChat.release.xcconfig"; path = "Target Support Files/Pods-TChat/Pods-TChat.release.xcconfig"; sourceTree = "<group>"; };
		7534665AF7FC61F8921C7D37 /* Pods-TChat.debug.xcconfig */ = {isa = PBXFileReference; includeInIndex = 1; lastKnownFileType = text.xcconfig; name = "Pods-TChat.debug.xcconfig"; path = "Target Support Files/Pods-TChat/Pods-TChat.debug.xcconfig"; sourceTree = "<group>"; };
		9F452B6B44151C122C9BD03D /* Pods_TChat.framework */ = {isa = PBXFileReference; explicitFileType = wrapper.framework; includeInIndex = 0; path = Pods_TChat.framework; sourceTree = BUILT_PRODUCTS_DIR; };
		DD02D60E26417F6800294E5B /* ChatViewController+Extension.swift */ = {isa = PBXFileReference; lastKnownFileType = sourcecode.swift; path = "ChatViewController+Extension.swift"; sourceTree = "<group>"; };
		DD02D611264183AB00294E5B /* Inbox.swift */ = {isa = PBXFileReference; lastKnownFileType = sourcecode.swift; path = Inbox.swift; sourceTree = "<group>"; };
		DD02D6142641897A00294E5B /* InboxTableViewCell.swift */ = {isa = PBXFileReference; lastKnownFileType = sourcecode.swift; path = InboxTableViewCell.swift; sourceTree = "<group>"; };
		DD02D61726418ABC00294E5B /* InboxApi.swift */ = {isa = PBXFileReference; lastKnownFileType = sourcecode.swift; path = InboxApi.swift; sourceTree = "<group>"; };
		DD4477552645D5840061BB69 /* ProfileTableViewController.swift */ = {isa = PBXFileReference; lastKnownFileType = sourcecode.swift; path = ProfileTableViewController.swift; sourceTree = "<group>"; };
		DD463CA4263AEAFA00F37791 /* PeopleTableViewController.swift */ = {isa = PBXFileReference; lastKnownFileType = sourcecode.swift; path = PeopleTableViewController.swift; sourceTree = "<group>"; };
		DD463CA7263AF10500F37791 /* UserTableViewCell.swift */ = {isa = PBXFileReference; lastKnownFileType = sourcecode.swift; path = UserTableViewCell.swift; sourceTree = "<group>"; };
		DD463CAA263B0B4100F37791 /* User.swift */ = {isa = PBXFileReference; lastKnownFileType = sourcecode.swift; path = User.swift; sourceTree = "<group>"; };
		DD463CC0263B361800F37791 /* Extension.swift */ = {isa = PBXFileReference; lastKnownFileType = sourcecode.swift; path = Extension.swift; sourceTree = "<group>"; };
		DD463CC3263B668C00F37791 /* ChatViewController.swift */ = {isa = PBXFileReference; lastKnownFileType = sourcecode.swift; path = ChatViewController.swift; sourceTree = "<group>"; };
		DD463CDA263C57AD00F37791 /* MessageApi.swift */ = {isa = PBXFileReference; lastKnownFileType = sourcecode.swift; path = MessageApi.swift; sourceTree = "<group>"; };
		DD463CDD263CC2D600F37791 /* Message.swift */ = {isa = PBXFileReference; lastKnownFileType = sourcecode.swift; path = Message.swift; sourceTree = "<group>"; };
		DD463CE0263CCEEE00F37791 /* MessageTableViewCell.swift */ = {isa = PBXFileReference; lastKnownFileType = sourcecode.swift; path = MessageTableViewCell.swift; sourceTree = "<group>"; };
		DD90A3A52636B82600EAD20B /* TChat.app */ = {isa = PBXFileReference; explicitFileType = wrapper.application; includeInIndex = 0; path = TChat.app; sourceTree = BUILT_PRODUCTS_DIR; };
		DD90A3A82636B82600EAD20B /* AppDelegate.swift */ = {isa = PBXFileReference; lastKnownFileType = sourcecode.swift; path = AppDelegate.swift; sourceTree = "<group>"; };
		DD90A3AA2636B82600EAD20B /* SceneDelegate.swift */ = {isa = PBXFileReference; lastKnownFileType = sourcecode.swift; path = SceneDelegate.swift; sourceTree = "<group>"; };
		DD90A3AC2636B82600EAD20B /* ViewController.swift */ = {isa = PBXFileReference; lastKnownFileType = sourcecode.swift; path = ViewController.swift; sourceTree = "<group>"; };
		DD90A3B12636B82800EAD20B /* Assets.xcassets */ = {isa = PBXFileReference; lastKnownFileType = folder.assetcatalog; path = Assets.xcassets; sourceTree = "<group>"; };
		DD90A3B42636B82800EAD20B /* Base */ = {isa = PBXFileReference; lastKnownFileType = file.storyboard; name = Base; path = Base.lproj/LaunchScreen.storyboard; sourceTree = "<group>"; };
		DD90A3B62636B82800EAD20B /* Info.plist */ = {isa = PBXFileReference; lastKnownFileType = text.plist.xml; path = Info.plist; sourceTree = "<group>"; };
		DD90A3BD2636BE6700EAD20B /* Welcome.storyboard */ = {isa = PBXFileReference; lastKnownFileType = file.storyboard; path = Welcome.storyboard; sourceTree = "<group>"; };
		DD90A3C126374A4E00EAD20B /* ViewController+UI.swift */ = {isa = PBXFileReference; lastKnownFileType = sourcecode.swift; path = "ViewController+UI.swift"; sourceTree = "<group>"; };
		DD90A3C426375B4900EAD20B /* SignUpViewController.swift */ = {isa = PBXFileReference; lastKnownFileType = sourcecode.swift; path = SignUpViewController.swift; sourceTree = "<group>"; };
		DD90A3C7263765DF00EAD20B /* SignUpViewController+UI.swift */ = {isa = PBXFileReference; lastKnownFileType = sourcecode.swift; path = "SignUpViewController+UI.swift"; sourceTree = "<group>"; };
		DD90A3CA263770E100EAD20B /* SignInViewController.swift */ = {isa = PBXFileReference; lastKnownFileType = sourcecode.swift; path = SignInViewController.swift; sourceTree = "<group>"; };
		DD90A3CE263772A000EAD20B /* SignInViewController+UI.swift */ = {isa = PBXFileReference; lastKnownFileType = sourcecode.swift; path = "SignInViewController+UI.swift"; sourceTree = "<group>"; };
		DD90A3D12637759700EAD20B /* ForgotPasswordViewController.swift */ = {isa = PBXFileReference; lastKnownFileType = sourcecode.swift; path = ForgotPasswordViewController.swift; sourceTree = "<group>"; };
		DD90A3D4263775A600EAD20B /* ForgotPasswordViewController+UI.swift */ = {isa = PBXFileReference; lastKnownFileType = sourcecode.swift; path = "ForgotPasswordViewController+UI.swift"; sourceTree = "<group>"; };
		DD90A3D826377FAA00EAD20B /* GoogleService-Info.plist */ = {isa = PBXFileReference; fileEncoding = 4; lastKnownFileType = text.plist.xml; path = "GoogleService-Info.plist"; sourceTree = "<group>"; };
		DD90A40A26384CAB00EAD20B /* Api.swift */ = {isa = PBXFileReference; lastKnownFileType = sourcecode.swift; path = Api.swift; sourceTree = "<group>"; };
		DD90A40D26384D4700EAD20B /* UserApi.swift */ = {isa = PBXFileReference; lastKnownFileType = sourcecode.swift; path = UserApi.swift; sourceTree = "<group>"; };
		DD90A4112638A85200EAD20B /* StorageService.swift */ = {isa = PBXFileReference; lastKnownFileType = sourcecode.swift; path = StorageService.swift; sourceTree = "<group>"; };
		DD90A4142638B36300EAD20B /* Ref.swift */ = {isa = PBXFileReference; lastKnownFileType = sourcecode.swift; path = Ref.swift; sourceTree = "<group>"; };
		DD90A4282639A65C00EAD20B /* InboxListTableViewController.swift */ = {isa = PBXFileReference; lastKnownFileType = sourcecode.swift; path = InboxListTableViewController.swift; sourceTree = "<group>"; };
		DDA72F892670E91900B1C113 /* SFProDisplay-Regular.ttf */ = {isa = PBXFileReference; lastKnownFileType = file; path = "SFProDisplay-Regular.ttf"; sourceTree = "<group>"; };
		DDDB3042265540C00024FAE8 /* PulseAnimation.swift */ = {isa = PBXFileReference; lastKnownFileType = sourcecode.swift; path = PulseAnimation.swift; sourceTree = "<group>"; };
/* End PBXFileReference section */

/* Begin PBXFrameworksBuildPhase section */
		DD90A3A22636B82600EAD20B /* Frameworks */ = {
			isa = PBXFrameworksBuildPhase;
			buildActionMask = 2147483647;
			files = (
				2FBABE95F79330DCD9BFBA46 /* Pods_TChat.framework in Frameworks */,
			);
			runOnlyForDeploymentPostprocessing = 0;
		};
/* End PBXFrameworksBuildPhase section */

/* Begin PBXGroup section */
		C1DCFCF3C06C7E71D5A2A90C /* Pods */ = {
			isa = PBXGroup;
			children = (
				7534665AF7FC61F8921C7D37 /* Pods-TChat.debug.xcconfig */,
				6A9A07EDD3425645816349AF /* Pods-TChat.release.xcconfig */,
			);
			path = Pods;
			sourceTree = "<group>";
		};
		C811AF0DD809E7AD14EC2E2D /* Frameworks */ = {
			isa = PBXGroup;
			children = (
				9F452B6B44151C122C9BD03D /* Pods_TChat.framework */,
			);
			name = Frameworks;
			sourceTree = "<group>";
		};
		DD70B77F264F244200730FDF /* Model */ = {
			isa = PBXGroup;
			children = (
				DD463CAA263B0B4100F37791 /* User.swift */,
				DD463CDD263CC2D600F37791 /* Message.swift */,
				DD02D611264183AB00294E5B /* Inbox.swift */,
			);
			path = Model;
			sourceTree = "<group>";
		};
		DD70B781264F24A300730FDF /* Controller */ = {
			isa = PBXGroup;
			children = (
				DD90A3AC2636B82600EAD20B /* ViewController.swift */,
				DD90A3C126374A4E00EAD20B /* ViewController+UI.swift */,
				DD4477552645D5840061BB69 /* ProfileTableViewController.swift */,
				DD90A4282639A65C00EAD20B /* InboxListTableViewController.swift */,
				DD463CA4263AEAFA00F37791 /* PeopleTableViewController.swift */,
				DD463CC3263B668C00F37791 /* ChatViewController.swift */,
				DD02D60E26417F6800294E5B /* ChatViewController+Extension.swift */,
				DD90A3C426375B4900EAD20B /* SignUpViewController.swift */,
				DD90A3C7263765DF00EAD20B /* SignUpViewController+UI.swift */,
				DD90A3CA263770E100EAD20B /* SignInViewController.swift */,
				DD90A3CE263772A000EAD20B /* SignInViewController+UI.swift */,
				DD90A3D12637759700EAD20B /* ForgotPasswordViewController.swift */,
				DD90A3D4263775A600EAD20B /* ForgotPasswordViewController+UI.swift */,
			);
			path = Controller;
			sourceTree = "<group>";
		};
		DD70B783264F24EF00730FDF /* View */ = {
			isa = PBXGroup;
			children = (
				DD02D6142641897A00294E5B /* InboxTableViewCell.swift */,
				DD463CA7263AF10500F37791 /* UserTableViewCell.swift */,
				DD463CE0263CCEEE00F37791 /* MessageTableViewCell.swift */,
			);
			path = View;
			sourceTree = "<group>";
		};
		DD70B785264F251800730FDF /* Api */ = {
			isa = PBXGroup;
			children = (
				DD90A40A26384CAB00EAD20B /* Api.swift */,
				DD02D61726418ABC00294E5B /* InboxApi.swift */,
				DD463CDA263C57AD00F37791 /* MessageApi.swift */,
				DD90A40D26384D4700EAD20B /* UserApi.swift */,
				DD90A4142638B36300EAD20B /* Ref.swift */,
				DD90A4112638A85200EAD20B /* StorageService.swift */,
			);
			path = Api;
			sourceTree = "<group>";
		};
		DD90A39C2636B82600EAD20B = {
			isa = PBXGroup;
			children = (
				DD90A3A72636B82600EAD20B /* TChat */,
				DD90A3A62636B82600EAD20B /* Products */,
				C1DCFCF3C06C7E71D5A2A90C /* Pods */,
				C811AF0DD809E7AD14EC2E2D /* Frameworks */,
			);
			sourceTree = "<group>";
		};
		DD90A3A62636B82600EAD20B /* Products */ = {
			isa = PBXGroup;
			children = (
				DD90A3A52636B82600EAD20B /* TChat.app */,
			);
			name = Products;
			sourceTree = "<group>";
		};
		DD90A3A72636B82600EAD20B /* TChat */ = {
			isa = PBXGroup;
			children = (
				DD90A3A82636B82600EAD20B /* AppDelegate.swift */,
				DD90A3AA2636B82600EAD20B /* SceneDelegate.swift */,
				DD90A3BD2636BE6700EAD20B /* Welcome.storyboard */,
				DDDB3042265540C00024FAE8 /* PulseAnimation.swift */,
				DD70B781264F24A300730FDF /* Controller */,
				DD70B783264F24EF00730FDF /* View */,
				DD70B785264F251800730FDF /* Api */,
				DD70B77F264F244200730FDF /* Model */,
				DD90A3B12636B82800EAD20B /* Assets.xcassets */,
				DD463CC0263B361800F37791 /* Extension.swift */,
				DD90A3B32636B82800EAD20B /* LaunchScreen.storyboard */,
				DD90A3D826377FAA00EAD20B /* GoogleService-Info.plist */,
				DD90A3B62636B82800EAD20B /* Info.plist */,
				DDA72F882670E8EC00B1C113 /* Fonts */,
			);
			path = TChat;
			sourceTree = "<group>";
		};
		DDA72F882670E8EC00B1C113 /* Fonts */ = {
			isa = PBXGroup;
			children = (
				DDA72F892670E91900B1C113 /* SFProDisplay-Regular.ttf */,
			);
			path = Fonts;
			sourceTree = "<group>";
		};
/* End PBXGroup section */

/* Begin PBXNativeTarget section */
		DD90A3A42636B82600EAD20B /* TChat */ = {
			isa = PBXNativeTarget;
			buildConfigurationList = DD90A3B92636B82800EAD20B /* Build configuration list for PBXNativeTarget "TChat" */;
			buildPhases = (
				C293B6C5806D00BFA7F69C64 /* [CP] Check Pods Manifest.lock */,
				DD90A3A12636B82600EAD20B /* Sources */,
				DD90A3A22636B82600EAD20B /* Frameworks */,
				DD90A3A32636B82600EAD20B /* Resources */,
				3D54CA0030A5914272C40EEF /* [CP] Embed Pods Frameworks */,
			);
			buildRules = (
			);
			dependencies = (
			);
			name = TChat;
			packageProductDependencies = (
			);
			productName = TChat;
			productReference = DD90A3A52636B82600EAD20B /* TChat.app */;
			productType = "com.apple.product-type.application";
		};
/* End PBXNativeTarget section */

/* Begin PBXProject section */
		DD90A39D2636B82600EAD20B /* Project object */ = {
			isa = PBXProject;
			attributes = {
				LastSwiftUpdateCheck = 1240;
				LastUpgradeCheck = 1240;
				TargetAttributes = {
					DD90A3A42636B82600EAD20B = {
						CreatedOnToolsVersion = 12.4;
					};
				};
			};
			buildConfigurationList = DD90A3A02636B82600EAD20B /* Build configuration list for PBXProject "TChat" */;
			compatibilityVersion = "Xcode 9.3";
			developmentRegion = en;
			hasScannedForEncodings = 0;
			knownRegions = (
				en,
				Base,
			);
			mainGroup = DD90A39C2636B82600EAD20B;
			packageReferences = (
			);
			productRefGroup = DD90A3A62636B82600EAD20B /* Products */;
			projectDirPath = "";
			projectRoot = "";
			targets = (
				DD90A3A42636B82600EAD20B /* TChat */,
			);
		};
/* End PBXProject section */

/* Begin PBXResourcesBuildPhase section */
		DD90A3A32636B82600EAD20B /* Resources */ = {
			isa = PBXResourcesBuildPhase;
			buildActionMask = 2147483647;
			files = (
				DD90A3B52636B82800EAD20B /* LaunchScreen.storyboard in Resources */,
				DD90A3D926377FAA00EAD20B /* GoogleService-Info.plist in Resources */,
				DD90A3BE2636BE6700EAD20B /* Welcome.storyboard in Resources */,
				DDA72F8A2670E91900B1C113 /* SFProDisplay-Regular.ttf in Resources */,
				DD90A3B22636B82800EAD20B /* Assets.xcassets in Resources */,
			);
			runOnlyForDeploymentPostprocessing = 0;
		};
/* End PBXResourcesBuildPhase section */

/* Begin PBXShellScriptBuildPhase section */
		3D54CA0030A5914272C40EEF /* [CP] Embed Pods Frameworks */ = {
			isa = PBXShellScriptBuildPhase;
			buildActionMask = 2147483647;
			files = (
			);
			inputFileListPaths = (
				"${PODS_ROOT}/Target Support Files/Pods-TChat/Pods-TChat-frameworks-${CONFIGURATION}-input-files.xcfilelist",
			);
			name = "[CP] Embed Pods Frameworks";
			outputFileListPaths = (
				"${PODS_ROOT}/Target Support Files/Pods-TChat/Pods-TChat-frameworks-${CONFIGURATION}-output-files.xcfilelist",
			);
			runOnlyForDeploymentPostprocessing = 0;
			shellPath = /bin/sh;
			shellScript = "\"${PODS_ROOT}/Target Support Files/Pods-TChat/Pods-TChat-frameworks.sh\"\n";
			showEnvVarsInLog = 0;
		};
		C293B6C5806D00BFA7F69C64 /* [CP] Check Pods Manifest.lock */ = {
			isa = PBXShellScriptBuildPhase;
			buildActionMask = 2147483647;
			files = (
			);
			inputFileListPaths = (
			);
			inputPaths = (
				"${PODS_PODFILE_DIR_PATH}/Podfile.lock",
				"${PODS_ROOT}/Manifest.lock",
			);
			name = "[CP] Check Pods Manifest.lock";
			outputFileListPaths = (
			);
			outputPaths = (
				"$(DERIVED_FILE_DIR)/Pods-TChat-checkManifestLockResult.txt",
			);
			runOnlyForDeploymentPostprocessing = 0;
			shellPath = /bin/sh;
			shellScript = "diff \"${PODS_PODFILE_DIR_PATH}/Podfile.lock\" \"${PODS_ROOT}/Manifest.lock\" > /dev/null\nif [ $? != 0 ] ; then\n    # print error to STDERR\n    echo \"error: The sandbox is not in sync with the Podfile.lock. Run 'pod install' or update your CocoaPods installation.\" >&2\n    exit 1\nfi\n# This output is used by Xcode 'outputs' to avoid re-running this script phase.\necho \"SUCCESS\" > \"${SCRIPT_OUTPUT_FILE_0}\"\n";
			showEnvVarsInLog = 0;
		};
/* End PBXShellScriptBuildPhase section */

/* Begin PBXSourcesBuildPhase section */
		DD90A3A12636B82600EAD20B /* Sources */ = {
			isa = PBXSourcesBuildPhase;
			buildActionMask = 2147483647;
			files = (
				DD90A3CF263772A000EAD20B /* SignInViewController+UI.swift in Sources */,
				DD90A4152638B36300EAD20B /* Ref.swift in Sources */,
				DD90A3CB263770E100EAD20B /* SignInViewController.swift in Sources */,
				DD02D61826418ABC00294E5B /* InboxApi.swift in Sources */,
				DD90A3C8263765E000EAD20B /* SignUpViewController+UI.swift in Sources */,
				DD02D60F26417F6800294E5B /* ChatViewController+Extension.swift in Sources */,
				DD90A3AD2636B82600EAD20B /* ViewController.swift in Sources */,
				DD90A3D5263775A600EAD20B /* ForgotPasswordViewController+UI.swift in Sources */,
				DD463CA5263AEAFA00F37791 /* PeopleTableViewController.swift in Sources */,
				DD463CDB263C57AD00F37791 /* MessageApi.swift in Sources */,
				DD90A40B26384CAB00EAD20B /* Api.swift in Sources */,
				DD02D6152641897A00294E5B /* InboxTableViewCell.swift in Sources */,
				DD90A3A92636B82600EAD20B /* AppDelegate.swift in Sources */,
				DD90A4122638A85200EAD20B /* StorageService.swift in Sources */,
				DD4477562645D5840061BB69 /* ProfileTableViewController.swift in Sources */,
				DDDB3043265540C00024FAE8 /* PulseAnimation.swift in Sources */,
				DD90A3D22637759700EAD20B /* ForgotPasswordViewController.swift in Sources */,
				DD90A4292639A65C00EAD20B /* InboxListTableViewController.swift in Sources */,
				DD90A3C226374A4E00EAD20B /* ViewController+UI.swift in Sources */,
				DD463CC1263B361800F37791 /* Extension.swift in Sources */,
				DD90A40E26384D4700EAD20B /* UserApi.swift in Sources */,
				DD463CAB263B0B4100F37791 /* User.swift in Sources */,
				DD02D612264183AB00294E5B /* Inbox.swift in Sources */,
				DD463CDE263CC2D600F37791 /* Message.swift in Sources */,
				DD90A3AB2636B82600EAD20B /* SceneDelegate.swift in Sources */,
				DD463CE1263CCEEE00F37791 /* MessageTableViewCell.swift in Sources */,
				DD463CA8263AF10500F37791 /* UserTableViewCell.swift in Sources */,
				DD463CC4263B668C00F37791 /* ChatViewController.swift in Sources */,
				DD90A3C526375B4900EAD20B /* SignUpViewController.swift in Sources */,
			);
			runOnlyForDeploymentPostprocessing = 0;
		};
/* End PBXSourcesBuildPhase section */

/* Begin PBXVariantGroup section */
		DD90A3B32636B82800EAD20B /* LaunchScreen.storyboard */ = {
			isa = PBXVariantGroup;
			children = (
				DD90A3B42636B82800EAD20B /* Base */,
			);
			name = LaunchScreen.storyboard;
			sourceTree = "<group>";
		};
/* End PBXVariantGroup section */

/* Begin XCBuildConfiguration section */
		DD90A3B72636B82800EAD20B /* Debug */ = {
			isa = XCBuildConfiguration;
			buildSettings = {
				ALWAYS_SEARCH_USER_PATHS = NO;
				CLANG_ANALYZER_NONNULL = YES;
				CLANG_ANALYZER_NUMBER_OBJECT_CONVERSION = YES_AGGRESSIVE;
				CLANG_CXX_LANGUAGE_STANDARD = "gnu++14";
				CLANG_CXX_LIBRARY = "libc++";
				CLANG_ENABLE_MODULES = YES;
				CLANG_ENABLE_OBJC_ARC = YES;
				CLANG_ENABLE_OBJC_WEAK = YES;
				CLANG_WARN_BLOCK_CAPTURE_AUTORELEASING = YES;
				CLANG_WARN_BOOL_CONVERSION = YES;
				CLANG_WARN_COMMA = YES;
				CLANG_WARN_CONSTANT_CONVERSION = YES;
				CLANG_WARN_DEPRECATED_OBJC_IMPLEMENTATIONS = YES;
				CLANG_WARN_DIRECT_OBJC_ISA_USAGE = YES_ERROR;
				CLANG_WARN_DOCUMENTATION_COMMENTS = YES;
				CLANG_WARN_EMPTY_BODY = YES;
				CLANG_WARN_ENUM_CONVERSION = YES;
				CLANG_WARN_INFINITE_RECURSION = YES;
				CLANG_WARN_INT_CONVERSION = YES;
				CLANG_WARN_NON_LITERAL_NULL_CONVERSION = YES;
				CLANG_WARN_OBJC_IMPLICIT_RETAIN_SELF = YES;
				CLANG_WARN_OBJC_LITERAL_CONVERSION = YES;
				CLANG_WARN_OBJC_ROOT_CLASS = YES_ERROR;
				CLANG_WARN_QUOTED_INCLUDE_IN_FRAMEWORK_HEADER = YES;
				CLANG_WARN_RANGE_LOOP_ANALYSIS = YES;
				CLANG_WARN_STRICT_PROTOTYPES = YES;
				CLANG_WARN_SUSPICIOUS_MOVE = YES;
				CLANG_WARN_UNGUARDED_AVAILABILITY = YES_AGGRESSIVE;
				CLANG_WARN_UNREACHABLE_CODE = YES;
				CLANG_WARN__DUPLICATE_METHOD_MATCH = YES;
				COPY_PHASE_STRIP = NO;
				DEBUG_INFORMATION_FORMAT = dwarf;
				ENABLE_STRICT_OBJC_MSGSEND = YES;
				ENABLE_TESTABILITY = YES;
				GCC_C_LANGUAGE_STANDARD = gnu11;
				GCC_DYNAMIC_NO_PIC = NO;
				GCC_NO_COMMON_BLOCKS = YES;
				GCC_OPTIMIZATION_LEVEL = 0;
				GCC_PREPROCESSOR_DEFINITIONS = (
					"DEBUG=1",
					"$(inherited)",
				);
				GCC_WARN_64_TO_32_BIT_CONVERSION = YES;
				GCC_WARN_ABOUT_RETURN_TYPE = YES_ERROR;
				GCC_WARN_UNDECLARED_SELECTOR = YES;
				GCC_WARN_UNINITIALIZED_AUTOS = YES_AGGRESSIVE;
				GCC_WARN_UNUSED_FUNCTION = YES;
				GCC_WARN_UNUSED_VARIABLE = YES;
				IPHONEOS_DEPLOYMENT_TARGET = 14.4;
				MTL_ENABLE_DEBUG_INFO = INCLUDE_SOURCE;
				MTL_FAST_MATH = YES;
				ONLY_ACTIVE_ARCH = YES;
				SDKROOT = iphoneos;
				SWIFT_ACTIVE_COMPILATION_CONDITIONS = DEBUG;
				SWIFT_OPTIMIZATION_LEVEL = "-Onone";
			};
			name = Debug;
		};
		DD90A3B82636B82800EAD20B /* Release */ = {
			isa = XCBuildConfiguration;
			buildSettings = {
				ALWAYS_SEARCH_USER_PATHS = NO;
				CLANG_ANALYZER_NONNULL = YES;
				CLANG_ANALYZER_NUMBER_OBJECT_CONVERSION = YES_AGGRESSIVE;
				CLANG_CXX_LANGUAGE_STANDARD = "gnu++14";
				CLANG_CXX_LIBRARY = "libc++";
				CLANG_ENABLE_MODULES = YES;
				CLANG_ENABLE_OBJC_ARC = YES;
				CLANG_ENABLE_OBJC_WEAK = YES;
				CLANG_WARN_BLOCK_CAPTURE_AUTORELEASING = YES;
				CLANG_WARN_BOOL_CONVERSION = YES;
				CLANG_WARN_COMMA = YES;
				CLANG_WARN_CONSTANT_CONVERSION = YES;
				CLANG_WARN_DEPRECATED_OBJC_IMPLEMENTATIONS = YES;
				CLANG_WARN_DIRECT_OBJC_ISA_USAGE = YES_ERROR;
				CLANG_WARN_DOCUMENTATION_COMMENTS = YES;
				CLANG_WARN_EMPTY_BODY = YES;
				CLANG_WARN_ENUM_CONVERSION = YES;
				CLANG_WARN_INFINITE_RECURSION = YES;
				CLANG_WARN_INT_CONVERSION = YES;
				CLANG_WARN_NON_LITERAL_NULL_CONVERSION = YES;
				CLANG_WARN_OBJC_IMPLICIT_RETAIN_SELF = YES;
				CLANG_WARN_OBJC_LITERAL_CONVERSION = YES;
				CLANG_WARN_OBJC_ROOT_CLASS = YES_ERROR;
				CLANG_WARN_QUOTED_INCLUDE_IN_FRAMEWORK_HEADER = YES;
				CLANG_WARN_RANGE_LOOP_ANALYSIS = YES;
				CLANG_WARN_STRICT_PROTOTYPES = YES;
				CLANG_WARN_SUSPICIOUS_MOVE = YES;
				CLANG_WARN_UNGUARDED_AVAILABILITY = YES_AGGRESSIVE;
				CLANG_WARN_UNREACHABLE_CODE = YES;
				CLANG_WARN__DUPLICATE_METHOD_MATCH = YES;
				COPY_PHASE_STRIP = NO;
				DEBUG_INFORMATION_FORMAT = "dwarf-with-dsym";
				ENABLE_NS_ASSERTIONS = NO;
				ENABLE_STRICT_OBJC_MSGSEND = YES;
				GCC_C_LANGUAGE_STANDARD = gnu11;
				GCC_NO_COMMON_BLOCKS = YES;
				GCC_WARN_64_TO_32_BIT_CONVERSION = YES;
				GCC_WARN_ABOUT_RETURN_TYPE = YES_ERROR;
				GCC_WARN_UNDECLARED_SELECTOR = YES;
				GCC_WARN_UNINITIALIZED_AUTOS = YES_AGGRESSIVE;
				GCC_WARN_UNUSED_FUNCTION = YES;
				GCC_WARN_UNUSED_VARIABLE = YES;
				IPHONEOS_DEPLOYMENT_TARGET = 14.4;
				MTL_ENABLE_DEBUG_INFO = NO;
				MTL_FAST_MATH = YES;
				SDKROOT = iphoneos;
				SWIFT_COMPILATION_MODE = wholemodule;
				SWIFT_OPTIMIZATION_LEVEL = "-O";
				VALIDATE_PRODUCT = YES;
			};
			name = Release;
		};
		DD90A3BA2636B82800EAD20B /* Debug */ = {
			isa = XCBuildConfiguration;
			baseConfigurationReference = 7534665AF7FC61F8921C7D37 /* Pods-TChat.debug.xcconfig */;
			buildSettings = {
				ASSETCATALOG_COMPILER_APPICON_NAME = AppIcon;
				ASSETCATALOG_COMPILER_GLOBAL_ACCENT_COLOR_NAME = AccentColor;
				CODE_SIGN_STYLE = Automatic;
				DEVELOPMENT_TEAM = 3VW8T2TLKM;
				INFOPLIST_FILE = TChat/Info.plist;
				LD_RUNPATH_SEARCH_PATHS = (
					"$(inherited)",
					"@executable_path/Frameworks",
				);
				PRODUCT_BUNDLE_IDENTIFIER = TMSIOS.TChat;
				PRODUCT_NAME = "$(TARGET_NAME)";
				SWIFT_VERSION = 5.0;
				TARGETED_DEVICE_FAMILY = "1,2";
			};
			name = Debug;
		};
		DD90A3BB2636B82800EAD20B /* Release */ = {
			isa = XCBuildConfiguration;
			baseConfigurationReference = 6A9A07EDD3425645816349AF /* Pods-TChat.release.xcconfig */;
			buildSettings = {
				ASSETCATALOG_COMPILER_APPICON_NAME = AppIcon;
				ASSETCATALOG_COMPILER_GLOBAL_ACCENT_COLOR_NAME = AccentColor;
				CODE_SIGN_STYLE = Automatic;
				DEVELOPMENT_TEAM = 3VW8T2TLKM;
				INFOPLIST_FILE = TChat/Info.plist;
				LD_RUNPATH_SEARCH_PATHS = (
					"$(inherited)",
					"@executable_path/Frameworks",
				);
				PRODUCT_BUNDLE_IDENTIFIER = TMSIOS.TChat;
				PRODUCT_NAME = "$(TARGET_NAME)";
				SWIFT_VERSION = 5.0;
				TARGETED_DEVICE_FAMILY = "1,2";
			};
			name = Release;
		};
/* End XCBuildConfiguration section */

/* Begin XCConfigurationList section */
		DD90A3A02636B82600EAD20B /* Build configuration list for PBXProject "TChat" */ = {
			isa = XCConfigurationList;
			buildConfigurations = (
				DD90A3B72636B82800EAD20B /* Debug */,
				DD90A3B82636B82800EAD20B /* Release */,
			);
			defaultConfigurationIsVisible = 0;
			defaultConfigurationName = Release;
		};
		DD90A3B92636B82800EAD20B /* Build configuration list for PBXNativeTarget "TChat" */ = {
			isa = XCConfigurationList;
			buildConfigurations = (
				DD90A3BA2636B82800EAD20B /* Debug */,
				DD90A3BB2636B82800EAD20B /* Release */,
			);
			defaultConfigurationIsVisible = 0;
			defaultConfigurationName = Release;
		};
/* End XCConfigurationList section */
	};
	rootObject = DD90A39D2636B82600EAD20B /* Project object */;
}
